
Microsoft Visual Studio Solution File, Format Version 12.00
# Visual Studio Version 17
VisualStudioVersion = 17.8.34330.188
MinimumVisualStudioVersion = 10.0.40219.1
Project("{FAE04EC0-301F-11D3-BF4B-00C04F79EFBC}") = "pryLopezEtapa4", "pryLopezEtapa4.csproj", "{0D9BD537-9650-4AC3-8EF5-7DD247297644}"
EndProject
Global
	GlobalSection(SolutionConfigurationPlatforms) = preSolution
		Debug|Any CPU = Debug|Any CPU
		Release|Any CPU = Release|Any CPU
	EndGlobalSection
	GlobalSection(ProjectConfigurationPlatforms) = postSolution
		{0D9BD537-9650-4AC3-8EF5-7DD247297644}.Debug|Any CPU.ActiveCfg = Debug|Any CPU
		{0D9BD537-9650-4AC3-8EF5-7DD247297644}.Debug|Any CPU.Build.0 = Debug|Any CPU
		{0D9BD537-9650-4AC3-8EF5-7DD247297644}.Release|Any CPU.ActiveCfg = Release|Any CPU
		{0D9BD537-9650-4AC3-8EF5-7DD247297644}.Release|Any CPU.Build.0 = Release|Any CPU
	EndGlobalSection
	GlobalSection(SolutionProperties) = preSolution
		HideSolutionNode = FALSE
	EndGlobalSection
	GlobalSection(ExtensibilityGlobals) = postSolution
		SolutionGuid = {731024C9-03F7-4E4C-B3F2-1FE0D1259614}
	EndGlobalSection
EndGlobal
